
Microsoft Visual Studio Solution File, Format Version 12.00
# Visual Studio 15
VisualStudioVersion = 15.0.28307.705
MinimumVisualStudioVersion = 10.0.40219.1
Project("{FAE04EC0-301F-11D3-BF4B-00C04F79EFBC}") = "VisualStudioFileOpenTool", "VisualStudioFileOpenTool.csproj", "{94D9B012-81D2-4B32-B408-523B0B96EC9B}"
EndProject
Global
	GlobalSection(SolutionConfigurationPlatforms) = preSolution
		Debug|Any CPU = Debug|Any CPU
		Release|Any CPU = Release|Any CPU
	EndGlobalSection
	GlobalSection(ProjectConfigurationPlatforms) = postSolution
		{94D9B012-81D2-4B32-B408-523B0B96EC9B}.Debug|Any CPU.ActiveCfg = Debug|Any CPU
		{94D9B012-81D2-4B32-B408-523B0B96EC9B}.Debug|Any CPU.Build.0 = Debug|Any CPU
		{94D9B012-81D2-4B32-B408-523B0B96EC9B}.Release|Any CPU.ActiveCfg = Release|Any CPU
		{94D9B012-81D2-4B32-B408-523B0B96EC9B}.Release|Any CPU.Build.0 = Release|Any CPU
	EndGlobalSection
	GlobalSection(SolutionProperties) = preSolution
		HideSolutionNode = FALSE
	EndGlobalSection
	GlobalSection(ExtensibilityGlobals) = postSolution
		SolutionGuid = {53CB1A28-2F88-41AC-850B-976A9129E56B}
	EndGlobalSection
EndGlobal
